
Microsoft Visual Studio Solution File, Format Version 12.00
# Visual Studio Version 17
VisualStudioVersion = 17.14.36408.4
MinimumVisualStudioVersion = 10.0.40219.1
Project("{FAE04EC0-301F-11D3-BF4B-00C04F79EFBC}") = "ConsoleApp1", "ConsoleApp1\ConsoleApp1.csproj", "{0F557379-B84E-480B-BA4D-70711BCBA601}"
EndProject
Project("{FAE04EC0-301F-11D3-BF4B-00C04F79EFBC}") = "Episode1VariableAndDataTypes", "Episode1VariableAndDataTypes\Episode1VariableAndDataTypes.csproj", "{415166BD-7781-469C-B3FF-C502588F18B6}"
EndProject
Project("{FAE04EC0-301F-11D3-BF4B-00C04F79EFBC}") = "Episode2NamespaceAndComment", "Episode2NamespaceAndComment\Episode2NamespaceAndComment.csproj", "{3DC462C2-2C8F-4959-B6C3-5EB67CC22235}"
EndProject
Project("{FAE04EC0-301F-11D3-BF4B-00C04F79EFBC}") = "Episode003", "Episode003\Episode003.csproj", "{38C6F259-6D62-44D2-B728-DC9DAA0B79BA}"
EndProject
Project("{FAE04EC0-301F-11D3-BF4B-00C04F79EFBC}") = "Episode004", "Episode004\Episode004.csproj", "{F45C4DAA-6D2B-4B67-A417-7C39321F7841}"
EndProject
Project("{FAE04EC0-301F-11D3-BF4B-00C04F79EFBC}") = "Episode005", "Episode005\Episode005.csproj", "{A133DD58-D175-448E-9A4C-066A365EC03A}"
EndProject
Global
	GlobalSection(SolutionConfigurationPlatforms) = preSolution
		Debug|Any CPU = Debug|Any CPU
		Release|Any CPU = Release|Any CPU
	EndGlobalSection
	GlobalSection(ProjectConfigurationPlatforms) = postSolution
		{0F557379-B84E-480B-BA4D-70711BCBA601}.Debug|Any CPU.ActiveCfg = Debug|Any CPU
		{0F557379-B84E-480B-BA4D-70711BCBA601}.Debug|Any CPU.Build.0 = Debug|Any CPU
		{0F557379-B84E-480B-BA4D-70711BCBA601}.Release|Any CPU.ActiveCfg = Release|Any CPU
		{0F557379-B84E-480B-BA4D-70711BCBA601}.Release|Any CPU.Build.0 = Release|Any CPU
		{415166BD-7781-469C-B3FF-C502588F18B6}.Debug|Any CPU.ActiveCfg = Debug|Any CPU
		{415166BD-7781-469C-B3FF-C502588F18B6}.Debug|Any CPU.Build.0 = Debug|Any CPU
		{415166BD-7781-469C-B3FF-C502588F18B6}.Release|Any CPU.ActiveCfg = Release|Any CPU
		{415166BD-7781-469C-B3FF-C502588F18B6}.Release|Any CPU.Build.0 = Release|Any CPU
		{3DC462C2-2C8F-4959-B6C3-5EB67CC22235}.Debug|Any CPU.ActiveCfg = Debug|Any CPU
		{3DC462C2-2C8F-4959-B6C3-5EB67CC22235}.Debug|Any CPU.Build.0 = Debug|Any CPU
		{3DC462C2-2C8F-4959-B6C3-5EB67CC22235}.Release|Any CPU.ActiveCfg = Release|Any CPU
		{3DC462C2-2C8F-4959-B6C3-5EB67CC22235}.Release|Any CPU.Build.0 = Release|Any CPU
		{38C6F259-6D62-44D2-B728-DC9DAA0B79BA}.Debug|Any CPU.ActiveCfg = Debug|Any CPU
		{38C6F259-6D62-44D2-B728-DC9DAA0B79BA}.Debug|Any CPU.Build.0 = Debug|Any CPU
		{38C6F259-6D62-44D2-B728-DC9DAA0B79BA}.Release|Any CPU.ActiveCfg = Release|Any CPU
		{38C6F259-6D62-44D2-B728-DC9DAA0B79BA}.Release|Any CPU.Build.0 = Release|Any CPU
		{F45C4DAA-6D2B-4B67-A417-7C39321F7841}.Debug|Any CPU.ActiveCfg = Debug|Any CPU
		{F45C4DAA-6D2B-4B67-A417-7C39321F7841}.Debug|Any CPU.Build.0 = Debug|Any CPU
		{F45C4DAA-6D2B-4B67-A417-7C39321F7841}.Release|Any CPU.ActiveCfg = Release|Any CPU
		{F45C4DAA-6D2B-4B67-A417-7C39321F7841}.Release|Any CPU.Build.0 = Release|Any CPU
		{A133DD58-D175-448E-9A4C-066A365EC03A}.Debug|Any CPU.ActiveCfg = Debug|Any CPU
		{A133DD58-D175-448E-9A4C-066A365EC03A}.Debug|Any CPU.Build.0 = Debug|Any CPU
		{A133DD58-D175-448E-9A4C-066A365EC03A}.Release|Any CPU.ActiveCfg = Release|Any CPU
		{A133DD58-D175-448E-9A4C-066A365EC03A}.Release|Any CPU.Build.0 = Release|Any CPU
	EndGlobalSection
	GlobalSection(SolutionProperties) = preSolution
		HideSolutionNode = FALSE
	EndGlobalSection
	GlobalSection(ExtensibilityGlobals) = postSolution
		SolutionGuid = {F36FCC5A-13B1-4E18-A526-6C54221BB4EB}
	EndGlobalSection
EndGlobal
